
Microsoft Visual Studio Solution File, Format Version 12.00
# Visual Studio Version 17
VisualStudioVersion = 17.6.33723.286
MinimumVisualStudioVersion = 10.0.40219.1
Project("{FAE04EC0-301F-11D3-BF4B-00C04F79EFBC}") = "ToDoListApp", "ToDoListApp\ToDoListApp.csproj", "{12446E6A-6189-493F-8152-BB339311D7D3}"
EndProject
Global
	GlobalSection(SolutionConfigurationPlatforms) = preSolution
		Debug|Any CPU = Debug|Any CPU
		Release|Any CPU = Release|Any CPU
	EndGlobalSection
	GlobalSection(ProjectConfigurationPlatforms) = postSolution
		{12446E6A-6189-493F-8152-BB339311D7D3}.Debug|Any CPU.ActiveCfg = Debug|Any CPU
		{12446E6A-6189-493F-8152-BB339311D7D3}.Debug|Any CPU.Build.0 = Debug|Any CPU
		{12446E6A-6189-493F-8152-BB339311D7D3}.Release|Any CPU.ActiveCfg = Release|Any CPU
		{12446E6A-6189-493F-8152-BB339311D7D3}.Release|Any CPU.Build.0 = Release|Any CPU
	EndGlobalSection
	GlobalSection(SolutionProperties) = preSolution
		HideSolutionNode = FALSE
	EndGlobalSection
	GlobalSection(ExtensibilityGlobals) = postSolution
		SolutionGuid = {50967217-1BDC-4362-93DE-C47401EB0946}
	EndGlobalSection
EndGlobal
